
Microsoft Visual Studio Solution File, Format Version 12.00
# Visual Studio Version 16
VisualStudioVersion = 16.0.31729.503
MinimumVisualStudioVersion = 10.0.40219.1
Project("{FAE04EC0-301F-11D3-BF4B-00C04F79EFBC}") = "Desafio_03", "Desafio_03.csproj", "{1B12014C-6B86-4796-81F4-79A20D09BC1A}"
EndProject
Project("{2150E333-8FDC-42A3-9474-1A3956D46DE8}") = "Solution Items", "Solution Items", "{9CDFC743-5C6A-44F2-ADFB-C46FC8B009FA}"
	ProjectSection(SolutionItems) = preProject
		Class1.cs = Class1.cs
	EndProjectSection
EndProject
Global
	GlobalSection(SolutionConfigurationPlatforms) = preSolution
		Debug|Any CPU = Debug|Any CPU
		Release|Any CPU = Release|Any CPU
	EndGlobalSection
	GlobalSection(ProjectConfigurationPlatforms) = postSolution
		{1B12014C-6B86-4796-81F4-79A20D09BC1A}.Debug|Any CPU.ActiveCfg = Debug|Any CPU
		{1B12014C-6B86-4796-81F4-79A20D09BC1A}.Debug|Any CPU.Build.0 = Debug|Any CPU
		{1B12014C-6B86-4796-81F4-79A20D09BC1A}.Release|Any CPU.ActiveCfg = Release|Any CPU
		{1B12014C-6B86-4796-81F4-79A20D09BC1A}.Release|Any CPU.Build.0 = Release|Any CPU
	EndGlobalSection
	GlobalSection(SolutionProperties) = preSolution
		HideSolutionNode = FALSE
	EndGlobalSection
	GlobalSection(ExtensibilityGlobals) = postSolution
		SolutionGuid = {DE4D06C1-8D33-4711-A889-32175DDA8790}
	EndGlobalSection
EndGlobal
