
Microsoft Visual Studio Solution File, Format Version 12.00
# Visual Studio Version 16
VisualStudioVersion = 16.0.31605.320
MinimumVisualStudioVersion = 10.0.40219.1
Project("{FAE04EC0-301F-11D3-BF4B-00C04F79EFBC}") = "Desafio 03", "Desafio 03\Desafio 03.csproj", "{9FC43B01-CC4E-4BFD-96F8-002B6C344D49}"
EndProject
Global
	GlobalSection(SolutionConfigurationPlatforms) = preSolution
		Debug|Any CPU = Debug|Any CPU
		Release|Any CPU = Release|Any CPU
	EndGlobalSection
	GlobalSection(ProjectConfigurationPlatforms) = postSolution
		{9FC43B01-CC4E-4BFD-96F8-002B6C344D49}.Debug|Any CPU.ActiveCfg = Debug|Any CPU
		{9FC43B01-CC4E-4BFD-96F8-002B6C344D49}.Debug|Any CPU.Build.0 = Debug|Any CPU
		{9FC43B01-CC4E-4BFD-96F8-002B6C344D49}.Release|Any CPU.ActiveCfg = Release|Any CPU
		{9FC43B01-CC4E-4BFD-96F8-002B6C344D49}.Release|Any CPU.Build.0 = Release|Any CPU
	EndGlobalSection
	GlobalSection(SolutionProperties) = preSolution
		HideSolutionNode = FALSE
	EndGlobalSection
	GlobalSection(ExtensibilityGlobals) = postSolution
		SolutionGuid = {512AFAA3-7E97-4CBD-BC3F-3CD9D71328E7}
	EndGlobalSection
EndGlobal
